#MicroXplorer Configuration settings - do not modify
#Sat Aug 23 13:35:59 CEST 2014
ADC1.Channel-0\#ChannelRegularConversion=ADC_CHANNEL_3
ADC1.ClockPrescaler=ADC_CLOCKPRESCALER_PCLK_DIV4
ADC1.ContinuousConvMode=DISABLE
ADC1.IPParameters=ClockPrescaler,NbrOfDiscConversion,Rank-0\#ChannelRegularConversion,NbrOfConversion,SamplingTime-0\#ChannelRegularConversion,OffsetNumber-0\#ChannelRegularConversion,ScanConvMode,SubFamily,Offset-0\#ChannelRegularConversion,Channel-0\#ChannelRegularConversion,master,ContinuousConvMode,NbrOfConversionFlag
ADC1.NbrOfConversion=1
ADC1.NbrOfConversionFlag=1
ADC1.NbrOfDiscConversion=1
ADC1.Offset-0\#ChannelRegularConversion=0
ADC1.OffsetNumber-0\#ChannelRegularConversion=ADC_OFFSET_NONE
ADC1.Rank-0\#ChannelRegularConversion=1
ADC1.SamplingTime-0\#ChannelRegularConversion=ADC_SAMPLETIME_1CYCLE_5
ADC1.ScanConvMode=DISABLE
ADC1.SubFamily=STM32F302x8
ADC1.master=1
CRC.IPParameters=InputDataFormat
CRC.InputDataFormat=CRC_INPUTDATA_FORMAT_WORDS
Dma.Request0=USART1_TX
Dma.Request1=USART1_RX
Dma.RequestsNb=2
Dma.USART1_RX.1.Direction=DMA_PERIPH_TO_MEMORY
Dma.USART1_RX.1.Instance=DMA1_Channel5
Dma.USART1_RX.1.MemDataAlignment=DMA_MDATAALIGN_BYTE
Dma.USART1_RX.1.MemInc=DMA_MINC_ENABLE
Dma.USART1_RX.1.Mode=DMA_CIRCULAR
Dma.USART1_RX.1.PeriphDataAlignment=DMA_PDATAALIGN_BYTE
Dma.USART1_RX.1.PeriphInc=DMA_PINC_DISABLE
Dma.USART1_RX.1.Priority=DMA_PRIORITY_HIGH
Dma.USART1_RX.1.RequestParameters=Instance,Direction,PeriphInc,MemInc,PeriphDataAlignment,MemDataAlignment,Mode,Priority
Dma.USART1_TX.0.Direction=DMA_MEMORY_TO_PERIPH
Dma.USART1_TX.0.Instance=DMA1_Channel4
Dma.USART1_TX.0.MemDataAlignment=DMA_MDATAALIGN_BYTE
Dma.USART1_TX.0.MemInc=DMA_MINC_ENABLE
Dma.USART1_TX.0.Mode=DMA_NORMAL
Dma.USART1_TX.0.PeriphDataAlignment=DMA_PDATAALIGN_BYTE
Dma.USART1_TX.0.PeriphInc=DMA_PINC_DISABLE
Dma.USART1_TX.0.Priority=DMA_PRIORITY_LOW
Dma.USART1_TX.0.RequestParameters=Instance,Direction,PeriphInc,MemInc,PeriphDataAlignment,MemDataAlignment,Mode,Priority
File.Version=4
I2C1.I2C_Speed_Mode-I2C=I2C_Fast_Plus
I2C1.IPParameters=Timing-I2C,I2C_Speed_Mode-I2C
I2C1.Timing-I2C=0x00300D2E
IWDG.IPParameters=Prescaler
IWDG.Prescaler=IWDG_PRESCALER_16
KeepUserPlacement=true
Mcu.Family=STM32F3
Mcu.IP0=ADC1
Mcu.IP1=CRC
Mcu.IP10=TIM6
Mcu.IP11=TIM15
Mcu.IP12=USART1
Mcu.IP13=USB
Mcu.IP14=USB_DEVICE
Mcu.IP2=DMA
Mcu.IP3=I2C1
Mcu.IP4=IWDG
Mcu.IP5=NVIC
Mcu.IP6=RCC
Mcu.IP7=SYS
Mcu.IP8=TIM1
Mcu.IP9=TIM2
Mcu.IPNb=15
Mcu.Name=STM32F302C(6-8)Tx
Mcu.Package=LQFP48
Mcu.Pin0=PC13
Mcu.Pin1=PC14 - OSC32_IN
Mcu.Pin10=PA5
Mcu.Pin11=PA6
Mcu.Pin12=PA7
Mcu.Pin13=PB0
Mcu.Pin14=PB1
Mcu.Pin15=PB2
Mcu.Pin16=PB10
Mcu.Pin17=PB11
Mcu.Pin18=PB12
Mcu.Pin19=PB13
Mcu.Pin2=PC15 - OSC32_OUT
Mcu.Pin20=PB14
Mcu.Pin21=PB15
Mcu.Pin22=PA8
Mcu.Pin23=PA9
Mcu.Pin24=PA10
Mcu.Pin25=PA11
Mcu.Pin26=PA12
Mcu.Pin27=PA13
Mcu.Pin28=PA14
Mcu.Pin29=PA15
Mcu.Pin3=PF0-OSC_IN
Mcu.Pin30=PB3
Mcu.Pin31=PB4
Mcu.Pin32=PB5
Mcu.Pin33=PB6
Mcu.Pin34=PB7
Mcu.Pin35=PB8
Mcu.Pin36=PB9
Mcu.Pin37=VP_CRC_VS_CRC
Mcu.Pin38=VP_IWDG_VS_IWDG
Mcu.Pin39=VP_TIM6_VS_ClockSourceINT
Mcu.Pin4=PF1-OSC_OUT
Mcu.Pin40=VP_USB_DEVICE_VS_USB_DEVICE_CDC_FS
Mcu.Pin5=PA0
Mcu.Pin6=PA1
Mcu.Pin7=PA2
Mcu.Pin8=PA3
Mcu.Pin9=PA4
Mcu.PinsNb=41
Mcu.UserName=STM32F302C8Tx
NVIC.DMA1_Channel4_IRQn=true\:4\:0
NVIC.DMA1_Channel5_IRQn=true\:3\:0
NVIC.NonMaskableInt_IRQn=true\:0\:0
NVIC.PriorityGroup=NVIC_PRIORITYGROUP_3
NVIC.SysTick_IRQn=true\:0\:0
NVIC.TIM1_BRK_TIM15_IRQn=true\:1\:0
NVIC.TIM6_DAC_IRQn=true\:5\:0
NVIC.USB_LP_CAN_RX0_IRQn=true\:2\:0
PA0.GPIOParameters=GPIO_Label,GPIO_Speed,GPIO_ModeDefaultPP,GPIO_PuPd
PA0.GPIO_Label=ENC_CH1
PA0.GPIO_ModeDefaultPP=GPIO_MODE_AF_PP
PA0.GPIO_PuPd=GPIO_NOPULL
PA0.GPIO_Speed=GPIO_SPEED_LOW
PA0.Locked=true
PA0.Signal=S_TIM2_CH1_ETR
PA1.GPIOParameters=GPIO_Label,GPIO_Speed,GPIO_ModeDefaultPP,GPIO_PuPd
PA1.GPIO_Label=ENC_CH2
PA1.GPIO_ModeDefaultPP=GPIO_MODE_AF_PP
PA1.GPIO_PuPd=GPIO_NOPULL
PA1.GPIO_Speed=GPIO_SPEED_LOW
PA1.Locked=true
PA1.Signal=S_TIM2_CH2
PA10.GPIOParameters=GPIO_Speed,GPIO_PuPd,GPIO_Mode
PA10.GPIO_Mode=GPIO_MODE_AF_PP
PA10.GPIO_PuPd=GPIO_PULLUP
PA10.GPIO_Speed=GPIO_SPEED_HIGH
PA10.Locked=true
PA10.Mode=Asynchronous
PA10.Signal=USART1_RX
PA11.Mode=Device
PA11.Signal=USB_DM
PA12.Locked=true
PA12.Mode=Device
PA12.Signal=USB_DP
PA13.Locked=true
PA13.Mode=Serial-Wire
PA13.Signal=SYS_JTMS-SWDIO
PA14.Locked=true
PA14.Mode=Serial-Wire
PA14.Signal=SYS_JTCK-SWCLK
PA15.Signal=GPIO_Analog
PA2.GPIOParameters=GPIO_Label,GPIO_PuPd,GPIO_Mode
PA2.GPIO_Label=SENS_IN
PA2.GPIO_Mode=GPIO_MODE_ANALOG
PA2.GPIO_PuPd=GPIO_NOPULL
PA2.Locked=true
PA2.Mode=IN3-Single-Ended
PA2.Signal=ADC1_IN3
PA3.Locked=true
PA3.Signal=S_TIM15_CH2
PA4.GPIOParameters=GPIO_ModeDefaultOutputPP,GPIO_Label,GPIO_Speed,GPIO_PuPd
PA4.GPIO_Label=S7_F
PA4.GPIO_ModeDefaultOutputPP=GPIO_MODE_OUTPUT_PP
PA4.GPIO_PuPd=GPIO_NOPULL
PA4.GPIO_Speed=GPIO_SPEED_LOW
PA4.Locked=true
PA4.Signal=GPIO_Output
PA5.GPIOParameters=GPIO_ModeDefaultOutputPP,GPIO_Label,GPIO_Speed,GPIO_PuPd
PA5.GPIO_Label=S7_E
PA5.GPIO_ModeDefaultOutputPP=GPIO_MODE_OUTPUT_PP
PA5.GPIO_PuPd=GPIO_NOPULL
PA5.GPIO_Speed=GPIO_SPEED_LOW
PA5.Locked=true
PA5.Signal=GPIO_Output
PA6.GPIOParameters=GPIO_ModeDefaultOutputPP,GPIO_Label,GPIO_Speed,GPIO_PuPd
PA6.GPIO_Label=S7_C
PA6.GPIO_ModeDefaultOutputPP=GPIO_MODE_OUTPUT_PP
PA6.GPIO_PuPd=GPIO_NOPULL
PA6.GPIO_Speed=GPIO_SPEED_LOW
PA6.Locked=true
PA6.Signal=GPIO_Output
PA7.GPIOParameters=GPIO_ModeDefaultOutputPP,GPIO_Label,GPIO_Speed,GPIO_PuPd
PA7.GPIO_Label=S7_A
PA7.GPIO_ModeDefaultOutputPP=GPIO_MODE_OUTPUT_PP
PA7.GPIO_PuPd=GPIO_NOPULL
PA7.GPIO_Speed=GPIO_SPEED_LOW
PA7.Locked=true
PA7.Signal=GPIO_Output
PA8.GPIOParameters=GPIO_Label,GPIO_Speed,GPIO_ModeDefaultPP,GPIO_PuPd
PA8.GPIO_Label=PWM_OUT
PA8.GPIO_ModeDefaultPP=GPIO_MODE_AF_PP
PA8.GPIO_PuPd=GPIO_NOPULL
PA8.GPIO_Speed=GPIO_SPEED_HIGH
PA8.Locked=true
PA8.Signal=S_TIM1_CH1
PA9.GPIOParameters=GPIO_Speed,GPIO_PuPd,GPIO_Mode
PA9.GPIO_Mode=GPIO_MODE_AF_PP
PA9.GPIO_PuPd=GPIO_PULLUP
PA9.GPIO_Speed=GPIO_SPEED_HIGH
PA9.Locked=true
PA9.Mode=Asynchronous
PA9.Signal=USART1_TX
PB0.GPIOParameters=GPIO_ModeDefaultOutputPP,GPIO_Label,GPIO_Speed,GPIO_PuPd
PB0.GPIO_Label=S7_D
PB0.GPIO_ModeDefaultOutputPP=GPIO_MODE_OUTPUT_PP
PB0.GPIO_PuPd=GPIO_NOPULL
PB0.GPIO_Speed=GPIO_SPEED_LOW
PB0.Locked=true
PB0.Signal=GPIO_Output
PB1.GPIOParameters=GPIO_ModeDefaultOutputPP,GPIO_Label,GPIO_Speed,GPIO_PuPd
PB1.GPIO_Label=S7_B
PB1.GPIO_ModeDefaultOutputPP=GPIO_MODE_OUTPUT_PP
PB1.GPIO_PuPd=GPIO_NOPULL
PB1.GPIO_Speed=GPIO_SPEED_LOW
PB1.Locked=true
PB1.Signal=GPIO_Output
PB10.GPIOParameters=GPIO_ModeDefaultOutputPP,GPIO_Label,GPIO_Speed,GPIO_PuPd
PB10.GPIO_Label=S7_G
PB10.GPIO_ModeDefaultOutputPP=GPIO_MODE_OUTPUT_PP
PB10.GPIO_PuPd=GPIO_NOPULL
PB10.GPIO_Speed=GPIO_SPEED_LOW
PB10.Locked=true
PB10.Signal=GPIO_Output
PB11.Signal=GPIO_Analog
PB12.GPIOParameters=GPIO_ModeDefaultOutputPP,GPIO_Label,GPIO_Speed,GPIO_PuPd
PB12.GPIO_Label=S7_SELL
PB12.GPIO_ModeDefaultOutputPP=GPIO_MODE_OUTPUT_PP
PB12.GPIO_PuPd=GPIO_NOPULL
PB12.GPIO_Speed=GPIO_SPEED_LOW
PB12.Locked=true
PB12.Signal=GPIO_Output
PB13.GPIOParameters=GPIO_ModeDefaultOutputPP,GPIO_Label,GPIO_Speed,GPIO_PuPd
PB13.GPIO_Label=S7_SEL3
PB13.GPIO_ModeDefaultOutputPP=GPIO_MODE_OUTPUT_PP
PB13.GPIO_PuPd=GPIO_NOPULL
PB13.GPIO_Speed=GPIO_SPEED_LOW
PB13.Locked=true
PB13.Signal=GPIO_Output
PB14.GPIOParameters=GPIO_ModeDefaultOutputPP,GPIO_Label,GPIO_Speed,GPIO_PuPd
PB14.GPIO_Label=S7_SEL2
PB14.GPIO_ModeDefaultOutputPP=GPIO_MODE_OUTPUT_PP
PB14.GPIO_PuPd=GPIO_NOPULL
PB14.GPIO_Speed=GPIO_SPEED_LOW
PB14.Locked=true
PB14.Signal=GPIO_Output
PB15.GPIOParameters=GPIO_ModeDefaultOutputPP,GPIO_Label,GPIO_Speed,GPIO_PuPd
PB15.GPIO_Label=S7_SEL1
PB15.GPIO_ModeDefaultOutputPP=GPIO_MODE_OUTPUT_PP
PB15.GPIO_PuPd=GPIO_NOPULL
PB15.GPIO_Speed=GPIO_SPEED_LOW
PB15.Locked=true
PB15.Signal=GPIO_Output
PB2.GPIOParameters=GPIO_ModeDefaultOutputPP,GPIO_Label,GPIO_Speed,GPIO_PuPd
PB2.GPIO_Label=S7_DP
PB2.GPIO_ModeDefaultOutputPP=GPIO_MODE_OUTPUT_PP
PB2.GPIO_PuPd=GPIO_NOPULL
PB2.GPIO_Speed=GPIO_SPEED_LOW
PB2.Locked=true
PB2.Signal=GPIO_Output
PB3.Signal=GPIO_Analog
PB4.Signal=GPIO_Analog
PB5.Signal=GPIO_Analog
PB6.GPIOParameters=GPIO_FM6,GPIO_Speed,GPIO_PuPd,GPIO_Mode
PB6.GPIO_FM6=__NULL
PB6.GPIO_Mode=GPIO_MODE_AF_OD
PB6.GPIO_PuPd=GPIO_NOPULL
PB6.GPIO_Speed=GPIO_SPEED_HIGH
PB6.Locked=true
PB6.Mode=I2C
PB6.Signal=I2C1_SCL
PB7.GPIOParameters=GPIO_FM6,GPIO_Speed,GPIO_PuPd,GPIO_Mode
PB7.GPIO_FM6=__NULL
PB7.GPIO_Mode=GPIO_MODE_AF_OD
PB7.GPIO_PuPd=GPIO_NOPULL
PB7.GPIO_Speed=GPIO_SPEED_HIGH
PB7.Locked=true
PB7.Mode=I2C
PB7.Signal=I2C1_SDA
PB8.Signal=GPIO_Analog
PB9.Signal=GPIO_Analog
PC13.Signal=GPIO_Analog
PC14\ -\ OSC32_IN.Signal=GPIO_Analog
PC15\ -\ OSC32_OUT.Signal=GPIO_Analog
PCC.Family=STM32F3
PCC.MCU=STM32F302C(6-8)Tx
PCC.MXVersion=4.3.0
PCC.PartNumber=STM32F302C8Tx
PCC.Seq0=0
PCC.SubFamily=STM32F302
PCC.Temperature=25
PCC.Vdd=3.6
PF0-OSC_IN.Locked=true
PF0-OSC_IN.Mode=HSE-External-Oscillator
PF0-OSC_IN.Signal=RCC_OSC_IN
PF1-OSC_OUT.Locked=true
PF1-OSC_OUT.Mode=HSE-External-Oscillator
PF1-OSC_OUT.Signal=RCC_OSC_OUT
ProjectManager.AskForMigrate=true
ProjectManager.BackupPrevious=false
ProjectManager.CompilerOptimize=2
ProjectManager.ComputerToolchain=false
ProjectManager.CoupleFile=true
ProjectManager.DeletePrevious=true
ProjectManager.DeviceId=STM32F302C8Tx
ProjectManager.FirmwarePackage=STM32Cube FW_F3 V1.0.0
ProjectManager.FreePins=false
ProjectManager.HalAssertFull=false
ProjectManager.KeepUserCode=true
ProjectManager.LastFirmware=true
ProjectManager.LibraryCopy=0
ProjectManager.ProjectBuild=false
ProjectManager.ProjectFileName=fwrtss.ioc
ProjectManager.ProjectName=fwrtss
ProjectManager.TargetToolchain=TrueSTUDIO 4.3.1
RCC.APB1CLKDivider=RCC_HCLK_DIV2
RCC.EnbaleCSS=true
RCC.FamilyName=M
RCC.HSE_VALUE=8000000
RCC.HSI_VALUE=8000000
RCC.I2c1ClockSelection=RCC_I2C1CLKSOURCE_SYSCLK
RCC.IPParameters=,FamilyName,PRESCALERUSB,Usart1ClockSelection,TIM1Selection,LSE_VALUE,SYSCLKSource,EnbaleCSS,APB1CLKDivider,HSE_VALUE,PLLMUL,I2c1ClockSelection,HSI_VALUE,PLLSource,LSI_VALUE
RCC.LSE_VALUE=32768
RCC.LSI_VALUE=40000
RCC.PLLMUL=RCC_PLL_MUL9
RCC.PLLSource=RCC_PLLSOURCE_HSE
RCC.PRESCALERUSB=RCC_USBPLLCLK_DIV1_5
RCC.SYSCLKSource=RCC_SYSCLKSOURCE_PLLCLK
RCC.TIM1Selection=RCC_TIM1CLK_PLLCLK
RCC.Usart1ClockSelection=RCC_USART1CLKSOURCE_SYSCLK
SH.S_TIM15_CH2.0=TIM15_CH2,Input_Capture2_from_TI2
SH.S_TIM15_CH2.ConfNb=1
SH.S_TIM1_CH1.0=TIM1_CH1,PWM Generation1 CH1
SH.S_TIM1_CH1.ConfNb=1
SH.S_TIM2_CH1_ETR.0=TIM2_CH1,Encoder_Interface
SH.S_TIM2_CH1_ETR.ConfNb=1
SH.S_TIM2_CH2.0=TIM2_CH2,Encoder_Interface
SH.S_TIM2_CH2.ConfNb=1
TIM1.IPParameters=Period,OCFastMode_PWM-PWM Generation1 CH1
TIM1.OCFastMode_PWM-PWM\ Generation1\ CH1=TIM_OCFAST_ENABLE
TIM1.Period=1000
TIM15.Channel-Input_Capture2_from_TI2=TIM_CHANNEL_2
TIM15.ClockDivision=TIM_CLOCKDIVISION_DIV4
TIM15.ICFilter_CH2-Input_Capture2_from_TI2=10
TIM15.ICPolarity_CH2-Input_Capture2_from_TI2=TIM_INPUTCHANNELPOLARITY_BOTHEDGE
TIM15.IPParameters=Period,Prescaler,ICPolarity_CH2-Input_Capture2_from_TI2,Channel-Input_Capture2_from_TI2,ClockDivision,ICFilter_CH2-Input_Capture2_from_TI2
TIM15.Period=65535
TIM15.Prescaler=18000
TIM2.IC1Polarity-Encoder_Interface=TIM_ICPOLARITY_RISING
TIM2.IC2Polarity=TIM_ICPOLARITY_RISING
TIM2.IPParameters=Period,IC2Polarity,IC1Polarity-Encoder_Interface
TIM2.Period=4294967295
TIM6.IPParameters=Period,Prescaler
TIM6.Period=49
TIM6.Prescaler=7200
USART1.BaudRate-Asynchronous=115200
USART1.IPParameters=BaudRate-Asynchronous,WordLength-Asynchronous
USART1.WordLength-Asynchronous=UART_WORDLENGTH_8B
USB.IPParameters=ep0_mps
USB.ep0_mps=DEP0CTL_MPS_64
USB_DEVICE.IPParameters=VirtualModeFS,VirtualMode,USBD_HandleTypeDef
USB_DEVICE.USBD_HandleTypeDef=hUsbDeviceFS
USB_DEVICE.VirtualMode=Cdc
USB_DEVICE.VirtualModeFS=Cdc_FS
VP_CRC_VS_CRC.Mode=CRC_Activate
VP_CRC_VS_CRC.Signal=CRC_VS_CRC
VP_IWDG_VS_IWDG.Mode=IWDG_Activate
VP_IWDG_VS_IWDG.Signal=IWDG_VS_IWDG
VP_TIM6_VS_ClockSourceINT.Mode=Enable_Timer
VP_TIM6_VS_ClockSourceINT.Signal=TIM6_VS_ClockSourceINT
VP_USB_DEVICE_VS_USB_DEVICE_CDC_FS.Mode=CDC_FS
VP_USB_DEVICE_VS_USB_DEVICE_CDC_FS.Signal=USB_DEVICE_VS_USB_DEVICE_CDC_FS
